// !$*UTF8*$!
{
	archiveVersion = 1;
	classes = {
	};
	objectVersion = 55;
	objects = {

/* Begin PBXBuildFile section */
		9A26D6F828E1F0A7005773D7 /* CategorySelectionView.swift in Sources */ = {isa = PBXBuildFile; fileRef = 9A26D6F728E1F0A7005773D7 /* CategorySelectionView.swift */; };
		9A4ACECD27E108910064541F /* NewsApp_SwiftUIApp.swift in Sources */ = {isa = PBXBuildFile; fileRef = 9A4ACECC27E108910064541F /* NewsApp_SwiftUIApp.swift */; };
		9A4ACED127E108950064541F /* Assets.xcassets in Resources */ = {isa = PBXBuildFile; fileRef = 9A4ACED027E108950064541F /* Assets.xcassets */; };
		9A4ACED427E108950064541F /* Preview Assets.xcassets in Resources */ = {isa = PBXBuildFile; fileRef = 9A4ACED327E108950064541F /* Preview Assets.xcassets */; };
		9A4ACEDB27E108F50064541F /* NewsSourceListScreen.swift in Sources */ = {isa = PBXBuildFile; fileRef = 9A4ACEDA27E108F50064541F /* NewsSourceListScreen.swift */; };
		9A4ACEDD27E109160064541F /* NewsListScreen.swift in Sources */ = {isa = PBXBuildFile; fileRef = 9A4ACEDC27E109160064541F /* NewsListScreen.swift */; };
		9A4ACEE027E109440064541F /* Webservice.swift in Sources */ = {isa = PBXBuildFile; fileRef = 9A4ACEDF27E109440064541F /* Webservice.swift */; };
		9A4ACEE327E109720064541F /* Constants.swift in Sources */ = {isa = PBXBuildFile; fileRef = 9A4ACEE227E109720064541F /* Constants.swift */; };
		9A4ACEE627E1099E0064541F /* NewsArticle.swift in Sources */ = {isa = PBXBuildFile; fileRef = 9A4ACEE527E1099E0064541F /* NewsArticle.swift */; };
		9A4ACEE827E109C80064541F /* NewsSource.swift in Sources */ = {isa = PBXBuildFile; fileRef = 9A4ACEE727E109C80064541F /* NewsSource.swift */; };
		9A4ACEEB27E10AC90064541F /* NewsArticleListViewModel.swift in Sources */ = {isa = PBXBuildFile; fileRef = 9A4ACEEA27E10AC90064541F /* NewsArticleListViewModel.swift */; };
		9A4ACEED27E10ADD0064541F /* NewsSourceListViewModel.swift in Sources */ = {isa = PBXBuildFile; fileRef = 9A4ACEEC27E10ADD0064541F /* NewsSourceListViewModel.swift */; };
		9AE13C6928F99A33001B9101 /* ValidatedTextField.swift in Sources */ = {isa = PBXBuildFile; fileRef = 9AE13C6828F99A33001B9101 /* ValidatedTextField.swift */; };
		9AFB299027E3BDE7003CE3FA /* WebView.swift in Sources */ = {isa = PBXBuildFile; fileRef = 9AFB298F27E3BDE7003CE3FA /* WebView.swift */; };
		9AFB299227E3CC32003CE3FA /* Extensions.swift in Sources */ = {isa = PBXBuildFile; fileRef = 9AFB299127E3CC32003CE3FA /* Extensions.swift */; };
		CE18FB6828E31125000FF7A1 /* Localizable.strings in Resources */ = {isa = PBXBuildFile; fileRef = CE18FB6A28E31125000FF7A1 /* Localizable.strings */; };
		CE18FB6D28E32085000FF7A1 /* Localized.swift in Sources */ = {isa = PBXBuildFile; fileRef = CE18FB6C28E32085000FF7A1 /* Localized.swift */; };
		CE18FB6F28E3281F000FF7A1 /* SettingsViewModel.swift in Sources */ = {isa = PBXBuildFile; fileRef = CE18FB6E28E3281F000FF7A1 /* SettingsViewModel.swift */; };
		CE18FB7128E3438C000FF7A1 /* HeadlinesList.swift in Sources */ = {isa = PBXBuildFile; fileRef = CE18FB7028E3438C000FF7A1 /* HeadlinesList.swift */; };
		CE18FB7328E35E52000FF7A1 /* ColorScheme.swift in Sources */ = {isa = PBXBuildFile; fileRef = CE18FB7228E35E52000FF7A1 /* ColorScheme.swift */; };
		CE18FB7828EB4A9D000FF7A1 /* FavouritesScreen.swift in Sources */ = {isa = PBXBuildFile; fileRef = CE18FB7728EB4A97000FF7A1 /* FavouritesScreen.swift */; };
		CE18FB7A28EB5057000FF7A1 /* FavouriteArticleCell.swift in Sources */ = {isa = PBXBuildFile; fileRef = CE18FB7928EB5057000FF7A1 /* FavouriteArticleCell.swift */; };
		CE18FB7C28EDDD7D000FF7A1 /* ProfileScreen.swift in Sources */ = {isa = PBXBuildFile; fileRef = CE18FB7B28EDDD7D000FF7A1 /* ProfileScreen.swift */; };
		CE18FB7E28EDDF45000FF7A1 /* ProfileHeaderView.swift in Sources */ = {isa = PBXBuildFile; fileRef = CE18FB7D28EDDF45000FF7A1 /* ProfileHeaderView.swift */; };
		CE18FB8028EDED02000FF7A1 /* ProfileSettingsView.swift in Sources */ = {isa = PBXBuildFile; fileRef = CE18FB7F28EDED02000FF7A1 /* ProfileSettingsView.swift */; };
		CE18FB8228EDFFEC000FF7A1 /* SettingsEditTextView.swift in Sources */ = {isa = PBXBuildFile; fileRef = CE18FB8128EDFFEB000FF7A1 /* SettingsEditTextView.swift */; };
		CE18FB8428EE15D6000FF7A1 /* ImagePicker.swift in Sources */ = {isa = PBXBuildFile; fileRef = CE18FB8328EE15D6000FF7A1 /* ImagePicker.swift */; };
		CE18FB8628EE21DC000FF7A1 /* SignUpScreen.swift in Sources */ = {isa = PBXBuildFile; fileRef = CE18FB8528EE21DB000FF7A1 /* SignUpScreen.swift */; };
		CE26247628DDCF7E004B5563 /* SettingsOptions.swift in Sources */ = {isa = PBXBuildFile; fileRef = CE26247528DDCF7E004B5563 /* SettingsOptions.swift */; };
		CE3A0BFD28E1FEA100BB4684 /* CategoriesSeletionViewModel.swift in Sources */ = {isa = PBXBuildFile; fileRef = CE3A0BFC28E1FEA100BB4684 /* CategoriesSeletionViewModel.swift */; };
		CE3A582128EEF476008B25C8 /* SignInScreen.swift in Sources */ = {isa = PBXBuildFile; fileRef = CE3A582028EEF476008B25C8 /* SignInScreen.swift */; };
		CE3A582328EF0623008B25C8 /* GoogleService-Info.plist in Resources */ = {isa = PBXBuildFile; fileRef = CE3A582228EF0623008B25C8 /* GoogleService-Info.plist */; };
		CE3A582628EF08A9008B25C8 /* FirebaseAnalytics in Frameworks */ = {isa = PBXBuildFile; productRef = CE3A582528EF08A9008B25C8 /* FirebaseAnalytics */; };
		CE3A582828EF08A9008B25C8 /* FirebaseAuth in Frameworks */ = {isa = PBXBuildFile; productRef = CE3A582728EF08A9008B25C8 /* FirebaseAuth */; };
		CE3A582A28EF08A9008B25C8 /* FirebaseFirestore in Frameworks */ = {isa = PBXBuildFile; productRef = CE3A582928EF08A9008B25C8 /* FirebaseFirestore */; };
		CE3A582C28EF08A9008B25C8 /* FirebaseFirestoreSwift in Frameworks */ = {isa = PBXBuildFile; productRef = CE3A582B28EF08A9008B25C8 /* FirebaseFirestoreSwift */; };
		CE3A582E28EF08A9008B25C8 /* FirebaseStorage in Frameworks */ = {isa = PBXBuildFile; productRef = CE3A582D28EF08A9008B25C8 /* FirebaseStorage */; };
		CE3A583B28F038C1008B25C8 /* RegistrationSubViews.swift in Sources */ = {isa = PBXBuildFile; fileRef = CE3A583A28F038C1008B25C8 /* RegistrationSubViews.swift */; };
		CE3A583D28F04A7D008B25C8 /* AuthViewModel.swift in Sources */ = {isa = PBXBuildFile; fileRef = CE3A583C28F04A7D008B25C8 /* AuthViewModel.swift */; };
		CE3A583F28F0727C008B25C8 /* User.swift in Sources */ = {isa = PBXBuildFile; fileRef = CE3A583E28F0727C008B25C8 /* User.swift */; };
		CE3DA22628C8B4A700A2F218 /* TopHeadlinesListScreen.swift in Sources */ = {isa = PBXBuildFile; fileRef = CE3DA22528C8B4A600A2F218 /* TopHeadlinesListScreen.swift */; };
		CE3DA22828C8C97000A2F218 /* MainTabView.swift in Sources */ = {isa = PBXBuildFile; fileRef = CE3DA22728C8C97000A2F218 /* MainTabView.swift */; };
		CE3DA22B28C9F98900A2F218 /* NewsArticleCell.swift in Sources */ = {isa = PBXBuildFile; fileRef = CE3DA22A28C9F98900A2F218 /* NewsArticleCell.swift */; };
		CE3DA22E28CA0A8A00A2F218 /* CoreDataModel.xcdatamodeld in Sources */ = {isa = PBXBuildFile; fileRef = CE3DA22C28CA0A8A00A2F218 /* CoreDataModel.xcdatamodeld */; };
		CE3DA23028CA0C7400A2F218 /* PersistenceController.swift in Sources */ = {isa = PBXBuildFile; fileRef = CE3DA22F28CA0C7400A2F218 /* PersistenceController.swift */; };
		CE3DA2BE28D11F8000A2F218 /* UrlImageModel.swift in Sources */ = {isa = PBXBuildFile; fileRef = CE3DA2BD28D11F8000A2F218 /* UrlImageModel.swift */; };
		CE3DA2C028D11FCD00A2F218 /* UrlImageView.swift in Sources */ = {isa = PBXBuildFile; fileRef = CE3DA2BF28D11FCD00A2F218 /* UrlImageView.swift */; };
		CED0925528DB6A87009C0A8D /* RoundedCornersShape.swift in Sources */ = {isa = PBXBuildFile; fileRef = CED0925428DB6A87009C0A8D /* RoundedCornersShape.swift */; };
		CED0925728DBA74C009C0A8D /* Source.swift in Sources */ = {isa = PBXBuildFile; fileRef = CED0925628DBA74C009C0A8D /* Source.swift */; };
		CED209B828D2620E00B76090 /* Article+CoreDataClass.swift in Sources */ = {isa = PBXBuildFile; fileRef = CED209B628D2620E00B76090 /* Article+CoreDataClass.swift */; };
		CED209B928D2620E00B76090 /* Article+CoreDataProperties.swift in Sources */ = {isa = PBXBuildFile; fileRef = CED209B728D2620E00B76090 /* Article+CoreDataProperties.swift */; };
		CED209BB28D9EBFA00B76090 /* SettingsScreen.swift in Sources */ = {isa = PBXBuildFile; fileRef = CED209BA28D9EBFA00B76090 /* SettingsScreen.swift */; };
		CED2AE2928FFF06C0056779A /* SearchScreen.swift in Sources */ = {isa = PBXBuildFile; fileRef = CED2AE2828FFF06C0056779A /* SearchScreen.swift */; };
/* End PBXBuildFile section */

/* Begin PBXFileReference section */
		9A26D6F728E1F0A7005773D7 /* CategorySelectionView.swift */ = {isa = PBXFileReference; lastKnownFileType = sourcecode.swift; path = CategorySelectionView.swift; sourceTree = "<group>"; };
		9A4ACEC927E108910064541F /* NewsApp-SwiftUI.app */ = {isa = PBXFileReference; explicitFileType = wrapper.application; includeInIndex = 0; path = "NewsApp-SwiftUI.app"; sourceTree = BUILT_PRODUCTS_DIR; };
		9A4ACECC27E108910064541F /* NewsApp_SwiftUIApp.swift */ = {isa = PBXFileReference; lastKnownFileType = sourcecode.swift; path = NewsApp_SwiftUIApp.swift; sourceTree = "<group>"; };
		9A4ACED027E108950064541F /* Assets.xcassets */ = {isa = PBXFileReference; lastKnownFileType = folder.assetcatalog; path = Assets.xcassets; sourceTree = "<group>"; };
		9A4ACED327E108950064541F /* Preview Assets.xcassets */ = {isa = PBXFileReference; lastKnownFileType = folder.assetcatalog; path = "Preview Assets.xcassets"; sourceTree = "<group>"; };
		9A4ACEDA27E108F50064541F /* NewsSourceListScreen.swift */ = {isa = PBXFileReference; lastKnownFileType = sourcecode.swift; path = NewsSourceListScreen.swift; sourceTree = "<group>"; };
		9A4ACEDC27E109160064541F /* NewsListScreen.swift */ = {isa = PBXFileReference; lastKnownFileType = sourcecode.swift; path = NewsListScreen.swift; sourceTree = "<group>"; };
		9A4ACEDF27E109440064541F /* Webservice.swift */ = {isa = PBXFileReference; lastKnownFileType = sourcecode.swift; path = Webservice.swift; sourceTree = "<group>"; };
		9A4ACEE227E109720064541F /* Constants.swift */ = {isa = PBXFileReference; lastKnownFileType = sourcecode.swift; path = Constants.swift; sourceTree = "<group>"; };
		9A4ACEE527E1099E0064541F /* NewsArticle.swift */ = {isa = PBXFileReference; lastKnownFileType = sourcecode.swift; path = NewsArticle.swift; sourceTree = "<group>"; };
		9A4ACEE727E109C80064541F /* NewsSource.swift */ = {isa = PBXFileReference; lastKnownFileType = sourcecode.swift; path = NewsSource.swift; sourceTree = "<group>"; };
		9A4ACEEA27E10AC90064541F /* NewsArticleListViewModel.swift */ = {isa = PBXFileReference; lastKnownFileType = sourcecode.swift; path = NewsArticleListViewModel.swift; sourceTree = "<group>"; };
		9A4ACEEC27E10ADD0064541F /* NewsSourceListViewModel.swift */ = {isa = PBXFileReference; lastKnownFileType = sourcecode.swift; path = NewsSourceListViewModel.swift; sourceTree = "<group>"; };
		9AE13C6828F99A33001B9101 /* ValidatedTextField.swift */ = {isa = PBXFileReference; lastKnownFileType = sourcecode.swift; path = ValidatedTextField.swift; sourceTree = "<group>"; };
		9AFB298F27E3BDE7003CE3FA /* WebView.swift */ = {isa = PBXFileReference; lastKnownFileType = sourcecode.swift; path = WebView.swift; sourceTree = "<group>"; };
		9AFB299127E3CC32003CE3FA /* Extensions.swift */ = {isa = PBXFileReference; lastKnownFileType = sourcecode.swift; path = Extensions.swift; sourceTree = "<group>"; };
		CE18FB6928E31125000FF7A1 /* en */ = {isa = PBXFileReference; lastKnownFileType = text.plist.strings; name = en; path = en.lproj/Localizable.strings; sourceTree = "<group>"; };
		CE18FB6B28E31129000FF7A1 /* uk */ = {isa = PBXFileReference; lastKnownFileType = text.plist.strings; name = uk; path = uk.lproj/Localizable.strings; sourceTree = "<group>"; };
		CE18FB6C28E32085000FF7A1 /* Localized.swift */ = {isa = PBXFileReference; lastKnownFileType = sourcecode.swift; path = Localized.swift; sourceTree = "<group>"; };
		CE18FB6E28E3281F000FF7A1 /* SettingsViewModel.swift */ = {isa = PBXFileReference; lastKnownFileType = sourcecode.swift; path = SettingsViewModel.swift; sourceTree = "<group>"; };
		CE18FB7028E3438C000FF7A1 /* HeadlinesList.swift */ = {isa = PBXFileReference; lastKnownFileType = sourcecode.swift; path = HeadlinesList.swift; sourceTree = "<group>"; };
		CE18FB7228E35E52000FF7A1 /* ColorScheme.swift */ = {isa = PBXFileReference; lastKnownFileType = sourcecode.swift; path = ColorScheme.swift; sourceTree = "<group>"; };
		CE18FB7728EB4A97000FF7A1 /* FavouritesScreen.swift */ = {isa = PBXFileReference; lastKnownFileType = sourcecode.swift; path = FavouritesScreen.swift; sourceTree = "<group>"; };
		CE18FB7928EB5057000FF7A1 /* FavouriteArticleCell.swift */ = {isa = PBXFileReference; lastKnownFileType = sourcecode.swift; path = FavouriteArticleCell.swift; sourceTree = "<group>"; };
		CE18FB7B28EDDD7D000FF7A1 /* ProfileScreen.swift */ = {isa = PBXFileReference; lastKnownFileType = sourcecode.swift; path = ProfileScreen.swift; sourceTree = "<group>"; };
		CE18FB7D28EDDF45000FF7A1 /* ProfileHeaderView.swift */ = {isa = PBXFileReference; lastKnownFileType = sourcecode.swift; path = ProfileHeaderView.swift; sourceTree = "<group>"; };
		CE18FB7F28EDED02000FF7A1 /* ProfileSettingsView.swift */ = {isa = PBXFileReference; lastKnownFileType = sourcecode.swift; path = ProfileSettingsView.swift; sourceTree = "<group>"; };
		CE18FB8128EDFFEB000FF7A1 /* SettingsEditTextView.swift */ = {isa = PBXFileReference; lastKnownFileType = sourcecode.swift; path = SettingsEditTextView.swift; sourceTree = "<group>"; };
		CE18FB8328EE15D6000FF7A1 /* ImagePicker.swift */ = {isa = PBXFileReference; lastKnownFileType = sourcecode.swift; path = ImagePicker.swift; sourceTree = "<group>"; };
		CE18FB8528EE21DB000FF7A1 /* SignUpScreen.swift */ = {isa = PBXFileReference; lastKnownFileType = sourcecode.swift; path = SignUpScreen.swift; sourceTree = "<group>"; };
		CE26247528DDCF7E004B5563 /* SettingsOptions.swift */ = {isa = PBXFileReference; lastKnownFileType = sourcecode.swift; path = SettingsOptions.swift; sourceTree = "<group>"; };
		CE3A0BFC28E1FEA100BB4684 /* CategoriesSeletionViewModel.swift */ = {isa = PBXFileReference; lastKnownFileType = sourcecode.swift; path = CategoriesSeletionViewModel.swift; sourceTree = "<group>"; };
		CE3A582028EEF476008B25C8 /* SignInScreen.swift */ = {isa = PBXFileReference; lastKnownFileType = sourcecode.swift; path = SignInScreen.swift; sourceTree = "<group>"; };
		CE3A582228EF0623008B25C8 /* GoogleService-Info.plist */ = {isa = PBXFileReference; fileEncoding = 4; lastKnownFileType = text.plist.xml; path = "GoogleService-Info.plist"; sourceTree = "<group>"; };
		CE3A583A28F038C1008B25C8 /* RegistrationSubViews.swift */ = {isa = PBXFileReference; lastKnownFileType = sourcecode.swift; path = RegistrationSubViews.swift; sourceTree = "<group>"; };
		CE3A583C28F04A7D008B25C8 /* AuthViewModel.swift */ = {isa = PBXFileReference; lastKnownFileType = sourcecode.swift; path = AuthViewModel.swift; sourceTree = "<group>"; };
		CE3A583E28F0727C008B25C8 /* User.swift */ = {isa = PBXFileReference; lastKnownFileType = sourcecode.swift; path = User.swift; sourceTree = "<group>"; };
		CE3DA22528C8B4A600A2F218 /* TopHeadlinesListScreen.swift */ = {isa = PBXFileReference; lastKnownFileType = sourcecode.swift; path = TopHeadlinesListScreen.swift; sourceTree = "<group>"; };
		CE3DA22728C8C97000A2F218 /* MainTabView.swift */ = {isa = PBXFileReference; lastKnownFileType = sourcecode.swift; path = MainTabView.swift; sourceTree = "<group>"; };
		CE3DA22A28C9F98900A2F218 /* NewsArticleCell.swift */ = {isa = PBXFileReference; lastKnownFileType = sourcecode.swift; path = NewsArticleCell.swift; sourceTree = "<group>"; };
		CE3DA22D28CA0A8A00A2F218 /* CoreDataModel.xcdatamodel */ = {isa = PBXFileReference; lastKnownFileType = wrapper.xcdatamodel; path = CoreDataModel.xcdatamodel; sourceTree = "<group>"; };
		CE3DA22F28CA0C7400A2F218 /* PersistenceController.swift */ = {isa = PBXFileReference; lastKnownFileType = sourcecode.swift; path = PersistenceController.swift; sourceTree = "<group>"; };
		CE3DA2BD28D11F8000A2F218 /* UrlImageModel.swift */ = {isa = PBXFileReference; lastKnownFileType = sourcecode.swift; path = UrlImageModel.swift; sourceTree = "<group>"; };
		CE3DA2BF28D11FCD00A2F218 /* UrlImageView.swift */ = {isa = PBXFileReference; lastKnownFileType = sourcecode.swift; path = UrlImageView.swift; sourceTree = "<group>"; };
		CE7CAB042906F65300238AB2 /* CoreDataModel 4.xcdatamodel */ = {isa = PBXFileReference; lastKnownFileType = wrapper.xcdatamodel; path = "CoreDataModel 4.xcdatamodel"; sourceTree = "<group>"; };
		CED0925428DB6A87009C0A8D /* RoundedCornersShape.swift */ = {isa = PBXFileReference; lastKnownFileType = sourcecode.swift; path = RoundedCornersShape.swift; sourceTree = "<group>"; };
		CED0925628DBA74C009C0A8D /* Source.swift */ = {isa = PBXFileReference; lastKnownFileType = sourcecode.swift; path = Source.swift; sourceTree = "<group>"; };
		CED0925828DDB61C009C0A8D /* CoreDataModel 2.xcdatamodel */ = {isa = PBXFileReference; lastKnownFileType = wrapper.xcdatamodel; path = "CoreDataModel 2.xcdatamodel"; sourceTree = "<group>"; };
		CED209B628D2620E00B76090 /* Article+CoreDataClass.swift */ = {isa = PBXFileReference; lastKnownFileType = sourcecode.swift; path = "Article+CoreDataClass.swift"; sourceTree = "<group>"; };
		CED209B728D2620E00B76090 /* Article+CoreDataProperties.swift */ = {isa = PBXFileReference; lastKnownFileType = sourcecode.swift; path = "Article+CoreDataProperties.swift"; sourceTree = "<group>"; };
		CED209BA28D9EBFA00B76090 /* SettingsScreen.swift */ = {isa = PBXFileReference; lastKnownFileType = sourcecode.swift; path = SettingsScreen.swift; sourceTree = "<group>"; };
		CED2AE2828FFF06C0056779A /* SearchScreen.swift */ = {isa = PBXFileReference; lastKnownFileType = sourcecode.swift; path = SearchScreen.swift; sourceTree = "<group>"; };
		CED928B128F72DB5002FE05B /* CoreDataModel 3.xcdatamodel */ = {isa = PBXFileReference; lastKnownFileType = wrapper.xcdatamodel; path = "CoreDataModel 3.xcdatamodel"; sourceTree = "<group>"; };
/* End PBXFileReference section */

/* Begin PBXFrameworksBuildPhase section */
		9A4ACEC627E108910064541F /* Frameworks */ = {
			isa = PBXFrameworksBuildPhase;
			buildActionMask = 2147483647;
			files = (
				CE3A582628EF08A9008B25C8 /* FirebaseAnalytics in Frameworks */,
				CE3A582828EF08A9008B25C8 /* FirebaseAuth in Frameworks */,
				CE3A582A28EF08A9008B25C8 /* FirebaseFirestore in Frameworks */,
				CE3A582E28EF08A9008B25C8 /* FirebaseStorage in Frameworks */,
				CE3A582C28EF08A9008B25C8 /* FirebaseFirestoreSwift in Frameworks */,
			);
			runOnlyForDeploymentPostprocessing = 0;
		};
/* End PBXFrameworksBuildPhase section */

/* Begin PBXGroup section */
		9A4ACEC027E108910064541F = {
			isa = PBXGroup;
			children = (
				9A4ACECB27E108910064541F /* NewsApp-SwiftUI */,
				9A4ACECC27E108910064541F /* NewsApp_SwiftUIApp.swift */,
				9A4ACECA27E108910064541F /* Products */,
			);
			sourceTree = "<group>";
		};
		9A4ACECA27E108910064541F /* Products */ = {
			isa = PBXGroup;
			children = (
				9A4ACEC927E108910064541F /* NewsApp-SwiftUI.app */,
			);
			name = Products;
			sourceTree = "<group>";
		};
		9A4ACECB27E108910064541F /* NewsApp-SwiftUI */ = {
			isa = PBXGroup;
			children = (
				CE3A582228EF0623008B25C8 /* GoogleService-Info.plist */,
				CE18FB7628E49232000FF7A1 /* App */,
				CE3DA2B928D10B7300A2F218 /* Persistance */,
				9A4ACEDE27E109260064541F /* Views */,
				9A4ACEE127E109570064541F /* Services */,
				9A4ACEE427E1097D0064541F /* Utils */,
				9A4ACEE927E10A990064541F /* Models */,
				9A4ACF1627E1ED090064541F /* ViewModels */,
				9A4ACED227E108950064541F /* Preview Content */,
			);
			path = "NewsApp-SwiftUI";
			sourceTree = "<group>";
		};
		9A4ACED227E108950064541F /* Preview Content */ = {
			isa = PBXGroup;
			children = (
				9A4ACED327E108950064541F /* Preview Assets.xcassets */,
			);
			path = "Preview Content";
			sourceTree = "<group>";
		};
		9A4ACEDE27E109260064541F /* Views */ = {
			isa = PBXGroup;
			children = (
				CE3DA2BA28D10BAB00A2F218 /* SubViews */,
				CE3DA2B828D10B3B00A2F218 /* Screens */,
				CE3DA22928C9F96F00A2F218 /* Cells */,
			);
			path = Views;
			sourceTree = "<group>";
		};
		9A4ACEE127E109570064541F /* Services */ = {
			isa = PBXGroup;
			children = (
				9A4ACEDF27E109440064541F /* Webservice.swift */,
				9AFB298F27E3BDE7003CE3FA /* WebView.swift */,
				CE3DA2BD28D11F8000A2F218 /* UrlImageModel.swift */,
			);
			path = Services;
			sourceTree = "<group>";
		};
		9A4ACEE427E1097D0064541F /* Utils */ = {
			isa = PBXGroup;
			children = (
				9A4ACEE227E109720064541F /* Constants.swift */,
				CE18FB6C28E32085000FF7A1 /* Localized.swift */,
				9AFB299127E3CC32003CE3FA /* Extensions.swift */,
				CE18FB7228E35E52000FF7A1 /* ColorScheme.swift */,
			);
			path = Utils;
			sourceTree = "<group>";
		};
		9A4ACEE927E10A990064541F /* Models */ = {
			isa = PBXGroup;
			children = (
				9A4ACEE527E1099E0064541F /* NewsArticle.swift */,
				9A4ACEE727E109C80064541F /* NewsSource.swift */,
				CE26247528DDCF7E004B5563 /* SettingsOptions.swift */,
				CE3A583E28F0727C008B25C8 /* User.swift */,
			);
			path = Models;
			sourceTree = "<group>";
		};
		9A4ACF1627E1ED090064541F /* ViewModels */ = {
			isa = PBXGroup;
			children = (
				9A4ACEEA27E10AC90064541F /* NewsArticleListViewModel.swift */,
				9A4ACEEC27E10ADD0064541F /* NewsSourceListViewModel.swift */,
				CE3A0BFC28E1FEA100BB4684 /* CategoriesSeletionViewModel.swift */,
				CE18FB6E28E3281F000FF7A1 /* SettingsViewModel.swift */,
				CE3A583C28F04A7D008B25C8 /* AuthViewModel.swift */,
			);
			path = ViewModels;
			sourceTree = "<group>";
		};
		CE0D6BAA28EEE7EB00FEAA72 /* SingIn_Registration */ = {
			isa = PBXGroup;
			children = (
				CE7CAB08290702DF00238AB2 /* SubViews */,
				CE18FB8528EE21DB000FF7A1 /* SignUpScreen.swift */,
				CE3A582028EEF476008B25C8 /* SignInScreen.swift */,
			);
			path = SingIn_Registration;
			sourceTree = "<group>";
		};
		CE18FB7628E49232000FF7A1 /* App */ = {
			isa = PBXGroup;
			children = (
				9A4ACED027E108950064541F /* Assets.xcassets */,
				CE18FB6A28E31125000FF7A1 /* Localizable.strings */,
			);
			path = App;
			sourceTree = "<group>";
		};
		CE3DA22928C9F96F00A2F218 /* Cells */ = {
			isa = PBXGroup;
			children = (
				CE3DA22A28C9F98900A2F218 /* NewsArticleCell.swift */,
				CE18FB7928EB5057000FF7A1 /* FavouriteArticleCell.swift */,
			);
			path = Cells;
			sourceTree = "<group>";
		};
		CE3DA2B828D10B3B00A2F218 /* Screens */ = {
			isa = PBXGroup;
			children = (
				CE7CAB0D2907039400238AB2 /* SourcesScreen */,
				CE7CAB0B2907036200238AB2 /* FavouritesScreen */,
				CE7CAB0A2907035300238AB2 /* ProfileScreen */,
				CE7CAB07290702D100238AB2 /* SettingsScreen */,
				CE7CAB052907029400238AB2 /* TopNewsScreen */,
				CED2AE2A28FFFF010056779A /* SearchScreen */,
				CE0D6BAA28EEE7EB00FEAA72 /* SingIn_Registration */,
				CE3DA22728C8C97000A2F218 /* MainTabView.swift */,
			);
			path = Screens;
			sourceTree = "<group>";
		};
		CE3DA2B928D10B7300A2F218 /* Persistance */ = {
			isa = PBXGroup;
			children = (
				CE3DA22C28CA0A8A00A2F218 /* CoreDataModel.xcdatamodeld */,
				CE3DA22F28CA0C7400A2F218 /* PersistenceController.swift */,
				CED209B628D2620E00B76090 /* Article+CoreDataClass.swift */,
				CED209B728D2620E00B76090 /* Article+CoreDataProperties.swift */,
				CED0925628DBA74C009C0A8D /* Source.swift */,
			);
			path = Persistance;
			sourceTree = "<group>";
		};
		CE3DA2BA28D10BAB00A2F218 /* SubViews */ = {
			isa = PBXGroup;
			children = (
				CE3DA2BF28D11FCD00A2F218 /* UrlImageView.swift */,
				CED0925428DB6A87009C0A8D /* RoundedCornersShape.swift */,
			);
			path = SubViews;
			sourceTree = "<group>";
		};
		CE7CAB052907029400238AB2 /* TopNewsScreen */ = {
			isa = PBXGroup;
			children = (
				CE7CAB09290702F300238AB2 /* SubViews */,
				9A26D6F728E1F0A7005773D7 /* CategorySelectionView.swift */,
				CE3DA22528C8B4A600A2F218 /* TopHeadlinesListScreen.swift */,
			);
			path = TopNewsScreen;
			sourceTree = "<group>";
		};
		CE7CAB07290702D100238AB2 /* SettingsScreen */ = {
			isa = PBXGroup;
			children = (
				CED209BA28D9EBFA00B76090 /* SettingsScreen.swift */,
			);
			path = SettingsScreen;
			sourceTree = "<group>";
		};
		CE7CAB08290702DF00238AB2 /* SubViews */ = {
			isa = PBXGroup;
			children = (
				CE3A583A28F038C1008B25C8 /* RegistrationSubViews.swift */,
				9AE13C6828F99A33001B9101 /* ValidatedTextField.swift */,
			);
			path = SubViews;
			sourceTree = "<group>";
		};
		CE7CAB09290702F300238AB2 /* SubViews */ = {
			isa = PBXGroup;
			children = (
				CE18FB7028E3438C000FF7A1 /* HeadlinesList.swift */,
			);
			path = SubViews;
			sourceTree = "<group>";
		};
		CE7CAB0A2907035300238AB2 /* ProfileScreen */ = {
			isa = PBXGroup;
			children = (
				CE7CAB0C2907037400238AB2 /* SubViews */,
				CE18FB8128EDFFEB000FF7A1 /* SettingsEditTextView.swift */,
				CE18FB7B28EDDD7D000FF7A1 /* ProfileScreen.swift */,
			);
			path = ProfileScreen;
			sourceTree = "<group>";
		};
		CE7CAB0B2907036200238AB2 /* FavouritesScreen */ = {
			isa = PBXGroup;
			children = (
				CE18FB7728EB4A97000FF7A1 /* FavouritesScreen.swift */,
			);
			path = FavouritesScreen;
			sourceTree = "<group>";
		};
		CE7CAB0C2907037400238AB2 /* SubViews */ = {
			isa = PBXGroup;
			children = (
				CE18FB8328EE15D6000FF7A1 /* ImagePicker.swift */,
				CE18FB7F28EDED02000FF7A1 /* ProfileSettingsView.swift */,
				CE18FB7D28EDDF45000FF7A1 /* ProfileHeaderView.swift */,
			);
			path = SubViews;
			sourceTree = "<group>";
		};
		CE7CAB0D2907039400238AB2 /* SourcesScreen */ = {
			isa = PBXGroup;
			children = (
				9A4ACEDC27E109160064541F /* NewsListScreen.swift */,
				9A4ACEDA27E108F50064541F /* NewsSourceListScreen.swift */,
			);
			path = SourcesScreen;
			sourceTree = "<group>";
		};
		CED2AE2A28FFFF010056779A /* SearchScreen */ = {
			isa = PBXGroup;
			children = (
				CED2AE2828FFF06C0056779A /* SearchScreen.swift */,
			);
			path = SearchScreen;
			sourceTree = "<group>";
		};
/* End PBXGroup section */

/* Begin PBXNativeTarget section */
		9A4ACEC827E108910064541F /* NewsApp-SwiftUI */ = {
			isa = PBXNativeTarget;
			buildConfigurationList = 9A4ACED727E108950064541F /* Build configuration list for PBXNativeTarget "NewsApp-SwiftUI" */;
			buildPhases = (
				9A4ACEC527E108910064541F /* Sources */,
				9A4ACEC627E108910064541F /* Frameworks */,
				9A4ACEC727E108910064541F /* Resources */,
				CE18FB7428E46565000FF7A1 /* ShellScript */,
			);
			buildRules = (
			);
			dependencies = (
			);
			name = "NewsApp-SwiftUI";
			packageProductDependencies = (
				CE3A582528EF08A9008B25C8 /* FirebaseAnalytics */,
				CE3A582728EF08A9008B25C8 /* FirebaseAuth */,
				CE3A582928EF08A9008B25C8 /* FirebaseFirestore */,
				CE3A582B28EF08A9008B25C8 /* FirebaseFirestoreSwift */,
				CE3A582D28EF08A9008B25C8 /* FirebaseStorage */,
			);
			productName = "NewsApp-SwiftUI";
			productReference = 9A4ACEC927E108910064541F /* NewsApp-SwiftUI.app */;
			productType = "com.apple.product-type.application";
		};
/* End PBXNativeTarget section */

/* Begin PBXProject section */
		9A4ACEC127E108910064541F /* Project object */ = {
			isa = PBXProject;
			attributes = {
				BuildIndependentTargetsInParallel = 1;
				LastSwiftUpdateCheck = 1320;
				LastUpgradeCheck = 1320;
				TargetAttributes = {
					9A4ACEC827E108910064541F = {
						CreatedOnToolsVersion = 13.2.1;
					};
				};
			};
			buildConfigurationList = 9A4ACEC427E108910064541F /* Build configuration list for PBXProject "NewsApp-SwiftUI" */;
			compatibilityVersion = "Xcode 13.0";
			developmentRegion = en;
			hasScannedForEncodings = 0;
			knownRegions = (
				en,
				Base,
				uk,
			);
			mainGroup = 9A4ACEC027E108910064541F;
			packageReferences = (
				CE3A582428EF08A9008B25C8 /* XCRemoteSwiftPackageReference "firebase-ios-sdk" */,
			);
			productRefGroup = 9A4ACECA27E108910064541F /* Products */;
			projectDirPath = "";
			projectRoot = "";
			targets = (
				9A4ACEC827E108910064541F /* NewsApp-SwiftUI */,
			);
		};
/* End PBXProject section */

/* Begin PBXResourcesBuildPhase section */
		9A4ACEC727E108910064541F /* Resources */ = {
			isa = PBXResourcesBuildPhase;
			buildActionMask = 2147483647;
			files = (
				9A4ACED427E108950064541F /* Preview Assets.xcassets in Resources */,
				CE3A582328EF0623008B25C8 /* GoogleService-Info.plist in Resources */,
				CE18FB6828E31125000FF7A1 /* Localizable.strings in Resources */,
				9A4ACED127E108950064541F /* Assets.xcassets in Resources */,
			);
			runOnlyForDeploymentPostprocessing = 0;
		};
/* End PBXResourcesBuildPhase section */

/* Begin PBXShellScriptBuildPhase section */
		CE18FB7428E46565000FF7A1 /* ShellScript */ = {
			isa = PBXShellScriptBuildPhase;
			buildActionMask = 2147483647;
			files = (
			);
			inputFileListPaths = (
			);
			inputPaths = (
			);
			outputFileListPaths = (
			);
			outputPaths = (
			);
			runOnlyForDeploymentPostprocessing = 0;
			shellPath = /bin/sh;
			shellScript = "export PATH=\"$PATH:/opt/homebrew/bin\"\nif which swiftlint > /dev/null; then\n  swiftlint\nelse\n  echo \"warning: SwiftLint not installed, download from https://github.com/realm/SwiftLint\"\nfi\n";
		};
/* End PBXShellScriptBuildPhase section */

/* Begin PBXSourcesBuildPhase section */
		9A4ACEC527E108910064541F /* Sources */ = {
			isa = PBXSourcesBuildPhase;
			buildActionMask = 2147483647;
			files = (
				CE3A583F28F0727C008B25C8 /* User.swift in Sources */,
				CE3DA22628C8B4A700A2F218 /* TopHeadlinesListScreen.swift in Sources */,
				CED209BB28D9EBFA00B76090 /* SettingsScreen.swift in Sources */,
				9A4ACEE327E109720064541F /* Constants.swift in Sources */,
				9AFB299027E3BDE7003CE3FA /* WebView.swift in Sources */,
				CE18FB8228EDFFEC000FF7A1 /* SettingsEditTextView.swift in Sources */,
				CE18FB6D28E32085000FF7A1 /* Localized.swift in Sources */,
				9A4ACEE627E1099E0064541F /* NewsArticle.swift in Sources */,
				9A4ACEEB27E10AC90064541F /* NewsArticleListViewModel.swift in Sources */,
				CED2AE2928FFF06C0056779A /* SearchScreen.swift in Sources */,
				9A4ACEED27E10ADD0064541F /* NewsSourceListViewModel.swift in Sources */,
				9A4ACEE827E109C80064541F /* NewsSource.swift in Sources */,
				CE3A582128EEF476008B25C8 /* SignInScreen.swift in Sources */,
				CE3DA22828C8C97000A2F218 /* MainTabView.swift in Sources */,
				CED0925528DB6A87009C0A8D /* RoundedCornersShape.swift in Sources */,
				CE18FB8028EDED02000FF7A1 /* ProfileSettingsView.swift in Sources */,
				CE3A0BFD28E1FEA100BB4684 /* CategoriesSeletionViewModel.swift in Sources */,
				CE18FB7A28EB5057000FF7A1 /* FavouriteArticleCell.swift in Sources */,
				CE18FB8428EE15D6000FF7A1 /* ImagePicker.swift in Sources */,
				9A4ACEDD27E109160064541F /* NewsListScreen.swift in Sources */,
				CE18FB6F28E3281F000FF7A1 /* SettingsViewModel.swift in Sources */,
				CE18FB7328E35E52000FF7A1 /* ColorScheme.swift in Sources */,
				CED209B828D2620E00B76090 /* Article+CoreDataClass.swift in Sources */,
				CE3DA22B28C9F98900A2F218 /* NewsArticleCell.swift in Sources */,
				CE18FB8628EE21DC000FF7A1 /* SignUpScreen.swift in Sources */,
				9A4ACEDB27E108F50064541F /* NewsSourceListScreen.swift in Sources */,
				CE26247628DDCF7E004B5563 /* SettingsOptions.swift in Sources */,
				CE3DA2BE28D11F8000A2F218 /* UrlImageModel.swift in Sources */,
				CE3DA2C028D11FCD00A2F218 /* UrlImageView.swift in Sources */,
				CE3A583B28F038C1008B25C8 /* RegistrationSubViews.swift in Sources */,
				CE18FB7C28EDDD7D000FF7A1 /* ProfileScreen.swift in Sources */,
				9A4ACEE027E109440064541F /* Webservice.swift in Sources */,
				CED0925728DBA74C009C0A8D /* Source.swift in Sources */,
				9A26D6F828E1F0A7005773D7 /* CategorySelectionView.swift in Sources */,
				CE3A583D28F04A7D008B25C8 /* AuthViewModel.swift in Sources */,
				CE18FB7E28EDDF45000FF7A1 /* ProfileHeaderView.swift in Sources */,
				9AFB299227E3CC32003CE3FA /* Extensions.swift in Sources */,
				CED209B928D2620E00B76090 /* Article+CoreDataProperties.swift in Sources */,
				9A4ACECD27E108910064541F /* NewsApp_SwiftUIApp.swift in Sources */,
				9AE13C6928F99A33001B9101 /* ValidatedTextField.swift in Sources */,
				CE3DA22E28CA0A8A00A2F218 /* CoreDataModel.xcdatamodeld in Sources */,
				CE3DA23028CA0C7400A2F218 /* PersistenceController.swift in Sources */,
				CE18FB7828EB4A9D000FF7A1 /* FavouritesScreen.swift in Sources */,
				CE18FB7128E3438C000FF7A1 /* HeadlinesList.swift in Sources */,
			);
			runOnlyForDeploymentPostprocessing = 0;
		};
/* End PBXSourcesBuildPhase section */

/* Begin PBXVariantGroup section */
		CE18FB6A28E31125000FF7A1 /* Localizable.strings */ = {
			isa = PBXVariantGroup;
			children = (
				CE18FB6928E31125000FF7A1 /* en */,
				CE18FB6B28E31129000FF7A1 /* uk */,
			);
			name = Localizable.strings;
			sourceTree = "<group>";
		};
/* End PBXVariantGroup section */

/* Begin XCBuildConfiguration section */
		9A4ACED527E108950064541F /* Debug */ = {
			isa = XCBuildConfiguration;
			buildSettings = {
				ALWAYS_SEARCH_USER_PATHS = NO;
				CLANG_ANALYZER_NONNULL = YES;
				CLANG_ANALYZER_NUMBER_OBJECT_CONVERSION = YES_AGGRESSIVE;
				CLANG_CXX_LANGUAGE_STANDARD = "gnu++17";
				CLANG_CXX_LIBRARY = "libc++";
				CLANG_ENABLE_MODULES = YES;
				CLANG_ENABLE_OBJC_ARC = YES;
				CLANG_ENABLE_OBJC_WEAK = YES;
				CLANG_WARN_BLOCK_CAPTURE_AUTORELEASING = YES;
				CLANG_WARN_BOOL_CONVERSION = YES;
				CLANG_WARN_COMMA = YES;
				CLANG_WARN_CONSTANT_CONVERSION = YES;
				CLANG_WARN_DEPRECATED_OBJC_IMPLEMENTATIONS = YES;
				CLANG_WARN_DIRECT_OBJC_ISA_USAGE = YES_ERROR;
				CLANG_WARN_DOCUMENTATION_COMMENTS = YES;
				CLANG_WARN_EMPTY_BODY = YES;
				CLANG_WARN_ENUM_CONVERSION = YES;
				CLANG_WARN_INFINITE_RECURSION = YES;
				CLANG_WARN_INT_CONVERSION = YES;
				CLANG_WARN_NON_LITERAL_NULL_CONVERSION = YES;
				CLANG_WARN_OBJC_IMPLICIT_RETAIN_SELF = YES;
				CLANG_WARN_OBJC_LITERAL_CONVERSION = YES;
				CLANG_WARN_OBJC_ROOT_CLASS = YES_ERROR;
				CLANG_WARN_QUOTED_INCLUDE_IN_FRAMEWORK_HEADER = YES;
				CLANG_WARN_RANGE_LOOP_ANALYSIS = YES;
				CLANG_WARN_STRICT_PROTOTYPES = YES;
				CLANG_WARN_SUSPICIOUS_MOVE = YES;
				CLANG_WARN_UNGUARDED_AVAILABILITY = YES_AGGRESSIVE;
				CLANG_WARN_UNREACHABLE_CODE = YES;
				CLANG_WARN__DUPLICATE_METHOD_MATCH = YES;
				COPY_PHASE_STRIP = NO;
				DEBUG_INFORMATION_FORMAT = dwarf;
				ENABLE_STRICT_OBJC_MSGSEND = YES;
				ENABLE_TESTABILITY = YES;
				GCC_C_LANGUAGE_STANDARD = gnu11;
				GCC_DYNAMIC_NO_PIC = NO;
				GCC_NO_COMMON_BLOCKS = YES;
				GCC_OPTIMIZATION_LEVEL = 0;
				GCC_PREPROCESSOR_DEFINITIONS = (
					"DEBUG=1",
					"$(inherited)",
				);
				GCC_WARN_64_TO_32_BIT_CONVERSION = YES;
				GCC_WARN_ABOUT_RETURN_TYPE = YES_ERROR;
				GCC_WARN_UNDECLARED_SELECTOR = YES;
				GCC_WARN_UNINITIALIZED_AUTOS = YES_AGGRESSIVE;
				GCC_WARN_UNUSED_FUNCTION = YES;
				GCC_WARN_UNUSED_VARIABLE = YES;
				IPHONEOS_DEPLOYMENT_TARGET = 14.0;
				MTL_ENABLE_DEBUG_INFO = INCLUDE_SOURCE;
				MTL_FAST_MATH = YES;
				ONLY_ACTIVE_ARCH = YES;
				SDKROOT = iphoneos;
				SWIFT_ACTIVE_COMPILATION_CONDITIONS = DEBUG;
				SWIFT_OPTIMIZATION_LEVEL = "-Onone";
			};
			name = Debug;
		};
		9A4ACED627E108950064541F /* Release */ = {
			isa = XCBuildConfiguration;
			buildSettings = {
				ALWAYS_SEARCH_USER_PATHS = NO;
				CLANG_ANALYZER_NONNULL = YES;
				CLANG_ANALYZER_NUMBER_OBJECT_CONVERSION = YES_AGGRESSIVE;
				CLANG_CXX_LANGUAGE_STANDARD = "gnu++17";
				CLANG_CXX_LIBRARY = "libc++";
				CLANG_ENABLE_MODULES = YES;
				CLANG_ENABLE_OBJC_ARC = YES;
				CLANG_ENABLE_OBJC_WEAK = YES;
				CLANG_WARN_BLOCK_CAPTURE_AUTORELEASING = YES;
				CLANG_WARN_BOOL_CONVERSION = YES;
				CLANG_WARN_COMMA = YES;
				CLANG_WARN_CONSTANT_CONVERSION = YES;
				CLANG_WARN_DEPRECATED_OBJC_IMPLEMENTATIONS = YES;
				CLANG_WARN_DIRECT_OBJC_ISA_USAGE = YES_ERROR;
				CLANG_WARN_DOCUMENTATION_COMMENTS = YES;
				CLANG_WARN_EMPTY_BODY = YES;
				CLANG_WARN_ENUM_CONVERSION = YES;
				CLANG_WARN_INFINITE_RECURSION = YES;
				CLANG_WARN_INT_CONVERSION = YES;
				CLANG_WARN_NON_LITERAL_NULL_CONVERSION = YES;
				CLANG_WARN_OBJC_IMPLICIT_RETAIN_SELF = YES;
				CLANG_WARN_OBJC_LITERAL_CONVERSION = YES;
				CLANG_WARN_OBJC_ROOT_CLASS = YES_ERROR;
				CLANG_WARN_QUOTED_INCLUDE_IN_FRAMEWORK_HEADER = YES;
				CLANG_WARN_RANGE_LOOP_ANALYSIS = YES;
				CLANG_WARN_STRICT_PROTOTYPES = YES;
				CLANG_WARN_SUSPICIOUS_MOVE = YES;
				CLANG_WARN_UNGUARDED_AVAILABILITY = YES_AGGRESSIVE;
				CLANG_WARN_UNREACHABLE_CODE = YES;
				CLANG_WARN__DUPLICATE_METHOD_MATCH = YES;
				COPY_PHASE_STRIP = NO;
				DEBUG_INFORMATION_FORMAT = "dwarf-with-dsym";
				ENABLE_NS_ASSERTIONS = NO;
				ENABLE_STRICT_OBJC_MSGSEND = YES;
				GCC_C_LANGUAGE_STANDARD = gnu11;
				GCC_NO_COMMON_BLOCKS = YES;
				GCC_WARN_64_TO_32_BIT_CONVERSION = YES;
				GCC_WARN_ABOUT_RETURN_TYPE = YES_ERROR;
				GCC_WARN_UNDECLARED_SELECTOR = YES;
				GCC_WARN_UNINITIALIZED_AUTOS = YES_AGGRESSIVE;
				GCC_WARN_UNUSED_FUNCTION = YES;
				GCC_WARN_UNUSED_VARIABLE = YES;
				IPHONEOS_DEPLOYMENT_TARGET = 14.0;
				MTL_ENABLE_DEBUG_INFO = NO;
				MTL_FAST_MATH = YES;
				SDKROOT = iphoneos;
				SWIFT_COMPILATION_MODE = wholemodule;
				SWIFT_OPTIMIZATION_LEVEL = "-O";
				VALIDATE_PRODUCT = YES;
			};
			name = Release;
		};
		9A4ACED827E108950064541F /* Debug */ = {
			isa = XCBuildConfiguration;
			buildSettings = {
				ASSETCATALOG_COMPILER_APPICON_NAME = AppIcon;
				ASSETCATALOG_COMPILER_GLOBAL_ACCENT_COLOR_NAME = AccentColor;
				CODE_SIGN_STYLE = Automatic;
				CURRENT_PROJECT_VERSION = 1;
				DEVELOPMENT_ASSET_PATHS = "\"NewsApp-SwiftUI/Preview Content\"";
				DEVELOPMENT_TEAM = QU2XBTHQ37;
				ENABLE_PREVIEWS = YES;
				GENERATE_INFOPLIST_FILE = YES;
				INFOPLIST_KEY_UIApplicationSceneManifest_Generation = YES;
				INFOPLIST_KEY_UIApplicationSupportsIndirectInputEvents = YES;
				INFOPLIST_KEY_UILaunchScreen_Generation = YES;
				INFOPLIST_KEY_UISupportedInterfaceOrientations = "";
				INFOPLIST_KEY_UISupportedInterfaceOrientations_iPad = "UIInterfaceOrientationPortrait UIInterfaceOrientationPortraitUpsideDown UIInterfaceOrientationLandscapeLeft UIInterfaceOrientationLandscapeRight";
				INFOPLIST_KEY_UISupportedInterfaceOrientations_iPhone = "UIInterfaceOrientationPortrait UIInterfaceOrientationLandscapeLeft UIInterfaceOrientationLandscapeRight";
				IPHONEOS_DEPLOYMENT_TARGET = 15.0;
				LD_RUNPATH_SEARCH_PATHS = (
					"$(inherited)",
					"@executable_path/Frameworks",
				);
				MARKETING_VERSION = 1.0;
				PRODUCT_BUNDLE_IDENTIFIER = "com.alexmosunov.NewsApp-SwiftUI";
				PRODUCT_NAME = "$(TARGET_NAME)";
				SWIFT_EMIT_LOC_STRINGS = YES;
				SWIFT_VERSION = 5.0;
				TARGETED_DEVICE_FAMILY = 1;
			};
			name = Debug;
		};
		9A4ACED927E108950064541F /* Release */ = {
			isa = XCBuildConfiguration;
			buildSettings = {
				ASSETCATALOG_COMPILER_APPICON_NAME = AppIcon;
				ASSETCATALOG_COMPILER_GLOBAL_ACCENT_COLOR_NAME = AccentColor;
				CODE_SIGN_STYLE = Automatic;
				CURRENT_PROJECT_VERSION = 1;
				DEVELOPMENT_ASSET_PATHS = "\"NewsApp-SwiftUI/Preview Content\"";
				DEVELOPMENT_TEAM = QU2XBTHQ37;
				ENABLE_PREVIEWS = YES;
				GENERATE_INFOPLIST_FILE = YES;
				INFOPLIST_KEY_UIApplicationSceneManifest_Generation = YES;
				INFOPLIST_KEY_UIApplicationSupportsIndirectInputEvents = YES;
				INFOPLIST_KEY_UILaunchScreen_Generation = YES;
				INFOPLIST_KEY_UISupportedInterfaceOrientations = "";
				INFOPLIST_KEY_UISupportedInterfaceOrientations_iPad = "UIInterfaceOrientationPortrait UIInterfaceOrientationPortraitUpsideDown UIInterfaceOrientationLandscapeLeft UIInterfaceOrientationLandscapeRight";
				INFOPLIST_KEY_UISupportedInterfaceOrientations_iPhone = "UIInterfaceOrientationPortrait UIInterfaceOrientationLandscapeLeft UIInterfaceOrientationLandscapeRight";
				IPHONEOS_DEPLOYMENT_TARGET = 15.0;
				LD_RUNPATH_SEARCH_PATHS = (
					"$(inherited)",
					"@executable_path/Frameworks",
				);
				MARKETING_VERSION = 1.0;
				PRODUCT_BUNDLE_IDENTIFIER = "com.alexmosunov.NewsApp-SwiftUI";
				PRODUCT_NAME = "$(TARGET_NAME)";
				SWIFT_EMIT_LOC_STRINGS = YES;
				SWIFT_VERSION = 5.0;
				TARGETED_DEVICE_FAMILY = 1;
			};
			name = Release;
		};
/* End XCBuildConfiguration section */

/* Begin XCConfigurationList section */
		9A4ACEC427E108910064541F /* Build configuration list for PBXProject "NewsApp-SwiftUI" */ = {
			isa = XCConfigurationList;
			buildConfigurations = (
				9A4ACED527E108950064541F /* Debug */,
				9A4ACED627E108950064541F /* Release */,
			);
			defaultConfigurationIsVisible = 0;
			defaultConfigurationName = Release;
		};
		9A4ACED727E108950064541F /* Build configuration list for PBXNativeTarget "NewsApp-SwiftUI" */ = {
			isa = XCConfigurationList;
			buildConfigurations = (
				9A4ACED827E108950064541F /* Debug */,
				9A4ACED927E108950064541F /* Release */,
			);
			defaultConfigurationIsVisible = 0;
			defaultConfigurationName = Release;
		};
/* End XCConfigurationList section */

/* Begin XCRemoteSwiftPackageReference section */
		CE3A582428EF08A9008B25C8 /* XCRemoteSwiftPackageReference "firebase-ios-sdk" */ = {
			isa = XCRemoteSwiftPackageReference;
			repositoryURL = "https://github.com/firebase/firebase-ios-sdk";
			requirement = {
				kind = upToNextMajorVersion;
				minimumVersion = 9.0.0;
			};
		};
/* End XCRemoteSwiftPackageReference section */

/* Begin XCSwiftPackageProductDependency section */
		CE3A582528EF08A9008B25C8 /* FirebaseAnalytics */ = {
			isa = XCSwiftPackageProductDependency;
			package = CE3A582428EF08A9008B25C8 /* XCRemoteSwiftPackageReference "firebase-ios-sdk" */;
			productName = FirebaseAnalytics;
		};
		CE3A582728EF08A9008B25C8 /* FirebaseAuth */ = {
			isa = XCSwiftPackageProductDependency;
			package = CE3A582428EF08A9008B25C8 /* XCRemoteSwiftPackageReference "firebase-ios-sdk" */;
			productName = FirebaseAuth;
		};
		CE3A582928EF08A9008B25C8 /* FirebaseFirestore */ = {
			isa = XCSwiftPackageProductDependency;
			package = CE3A582428EF08A9008B25C8 /* XCRemoteSwiftPackageReference "firebase-ios-sdk" */;
			productName = FirebaseFirestore;
		};
		CE3A582B28EF08A9008B25C8 /* FirebaseFirestoreSwift */ = {
			isa = XCSwiftPackageProductDependency;
			package = CE3A582428EF08A9008B25C8 /* XCRemoteSwiftPackageReference "firebase-ios-sdk" */;
			productName = FirebaseFirestoreSwift;
		};
		CE3A582D28EF08A9008B25C8 /* FirebaseStorage */ = {
			isa = XCSwiftPackageProductDependency;
			package = CE3A582428EF08A9008B25C8 /* XCRemoteSwiftPackageReference "firebase-ios-sdk" */;
			productName = FirebaseStorage;
		};
/* End XCSwiftPackageProductDependency section */

/* Begin XCVersionGroup section */
		CE3DA22C28CA0A8A00A2F218 /* CoreDataModel.xcdatamodeld */ = {
			isa = XCVersionGroup;
			children = (
				CE7CAB042906F65300238AB2 /* CoreDataModel 4.xcdatamodel */,
				CED928B128F72DB5002FE05B /* CoreDataModel 3.xcdatamodel */,
				CED0925828DDB61C009C0A8D /* CoreDataModel 2.xcdatamodel */,
				CE3DA22D28CA0A8A00A2F218 /* CoreDataModel.xcdatamodel */,
			);
			currentVersion = CE7CAB042906F65300238AB2 /* CoreDataModel 4.xcdatamodel */;
			path = CoreDataModel.xcdatamodeld;
			sourceTree = "<group>";
			versionGroupType = wrapper.xcdatamodel;
		};
/* End XCVersionGroup section */
	};
	rootObject = 9A4ACEC127E108910064541F /* Project object */;
}
